
Microsoft Visual Studio Solution File, Format Version 12.00
# Visual Studio Version 16
VisualStudioVersion = 16.0.32002.261
MinimumVisualStudioVersion = 10.0.40219.1
Project("{FAE04EC0-301F-11D3-BF4B-00C04F79EFBC}") = "HomeWork4Repository", "HomeWork4Repository\HomeWork4Repository.csproj", "{F7048AAC-6B32-47B2-9BB6-1F64E0729F30}"
EndProject
Global
	GlobalSection(SolutionConfigurationPlatforms) = preSolution
		Debug|Any CPU = Debug|Any CPU
		Release|Any CPU = Release|Any CPU
	EndGlobalSection
	GlobalSection(ProjectConfigurationPlatforms) = postSolution
		{F7048AAC-6B32-47B2-9BB6-1F64E0729F30}.Debug|Any CPU.ActiveCfg = Debug|Any CPU
		{F7048AAC-6B32-47B2-9BB6-1F64E0729F30}.Debug|Any CPU.Build.0 = Debug|Any CPU
		{F7048AAC-6B32-47B2-9BB6-1F64E0729F30}.Release|Any CPU.ActiveCfg = Release|Any CPU
		{F7048AAC-6B32-47B2-9BB6-1F64E0729F30}.Release|Any CPU.Build.0 = Release|Any CPU
	EndGlobalSection
	GlobalSection(SolutionProperties) = preSolution
		HideSolutionNode = FALSE
	EndGlobalSection
	GlobalSection(ExtensibilityGlobals) = postSolution
		SolutionGuid = {4474FC2D-D635-4338-89BC-F4C649D6B762}
	EndGlobalSection
EndGlobal
